
Microsoft Visual Studio Solution File, Format Version 12.00
# Visual Studio Version 17
VisualStudioVersion = 17.14.36109.1 d17.14
MinimumVisualStudioVersion = 10.0.40219.1
Project("{FAE04EC0-301F-11D3-BF4B-00C04F79EFBC}") = "BasicC#", "BasicC#.csproj", "{9BA13CC1-145E-4F81-8AE5-8305CB20E6E5}"
EndProject
Global
	GlobalSection(SolutionConfigurationPlatforms) = preSolution
		Debug|Any CPU = Debug|Any CPU
		Release|Any CPU = Release|Any CPU
	EndGlobalSection
	GlobalSection(ProjectConfigurationPlatforms) = postSolution
		{9BA13CC1-145E-4F81-8AE5-8305CB20E6E5}.Debug|Any CPU.ActiveCfg = Debug|Any CPU
		{9BA13CC1-145E-4F81-8AE5-8305CB20E6E5}.Debug|Any CPU.Build.0 = Debug|Any CPU
		{9BA13CC1-145E-4F81-8AE5-8305CB20E6E5}.Release|Any CPU.ActiveCfg = Release|Any CPU
		{9BA13CC1-145E-4F81-8AE5-8305CB20E6E5}.Release|Any CPU.Build.0 = Release|Any CPU
	EndGlobalSection
	GlobalSection(SolutionProperties) = preSolution
		HideSolutionNode = FALSE
	EndGlobalSection
	GlobalSection(ExtensibilityGlobals) = postSolution
		SolutionGuid = {5281E9E2-F32D-4680-92E4-94D88309007C}
	EndGlobalSection
EndGlobal
